
Microsoft Visual Studio Solution File, Format Version 12.00
# Visual Studio Version 16
VisualStudioVersion = 16.0.29519.87
MinimumVisualStudioVersion = 10.0.40219.1
Project("{FAE04EC0-301F-11D3-BF4B-00C04F79EFBC}") = "BogusEdgeRemover", "BogusEdgeRemover\BogusEdgeRemover.csproj", "{355B7288-DD3A-4DD5-B8B9-ADCB4C26A7FC}"
EndProject
Global
	GlobalSection(SolutionConfigurationPlatforms) = preSolution
		Debug|Any CPU = Debug|Any CPU
		Release|Any CPU = Release|Any CPU
	EndGlobalSection
	GlobalSection(ProjectConfigurationPlatforms) = postSolution
		{355B7288-DD3A-4DD5-B8B9-ADCB4C26A7FC}.Debug|Any CPU.ActiveCfg = Debug|Any CPU
		{355B7288-DD3A-4DD5-B8B9-ADCB4C26A7FC}.Debug|Any CPU.Build.0 = Debug|Any CPU
		{355B7288-DD3A-4DD5-B8B9-ADCB4C26A7FC}.Release|Any CPU.ActiveCfg = Release|Any CPU
		{355B7288-DD3A-4DD5-B8B9-ADCB4C26A7FC}.Release|Any CPU.Build.0 = Release|Any CPU
	EndGlobalSection
	GlobalSection(SolutionProperties) = preSolution
		HideSolutionNode = FALSE
	EndGlobalSection
	GlobalSection(ExtensibilityGlobals) = postSolution
		SolutionGuid = {BD4B6135-B0C5-4FDA-919B-BE6749FD8D33}
	EndGlobalSection
EndGlobal
